# This file is automatically @generated by Cargo.
# It is not intended for manual editing.
version = 4

[[package]]
name = "atmcore"
version = "0.1.0"

[[package]]
name = "beads-source"
version = "0.1.0"

[[package]]
name = "filesystem-support"
version = "0.1.0"

[[package]]
name = "sc-compose"
version = "0.1.0"

[[package]]
name = "sc-composer"
version = "0.1.0"

[[package]]
name = "sc-composer-beads"
version = "0.1.0"
dependencies = [
 "atmcore",
 "beads-source",
 "filesystem-support",
 "sc-compose",
 "sc-composer",
 "sc-composer-beads-python",
 "serde",
 "serde-json",
 "thiserror",
]

[[package]]
name = "sc-composer-beads-python"
version = "0.1.0"

[[package]]
name = "serde"
version = "0.1.0"

[[package]]
name = "serde-json"
version = "0.1.0"

[[package]]
name = "thiserror"
version = "0.1.0"

[[patch.unused]]
name = "sc-composer"
version = "1.5.0"

[[patch.unused]]
name = "sc-sha"
version = "1.5.0"
